
Microsoft Visual Studio Solution File, Format Version 12.00
# Visual Studio Version 17
VisualStudioVersion = 17.2.32630.192
MinimumVisualStudioVersion = 10.0.40219.1
Project("{9A19103F-16F7-4668-BE54-9A1E7A4F7556}") = "KonchuSugoizeNotifyLambda", "KonchuSugoizeNotifyLambda\KonchuSugoizeNotifyLambda.csproj", "{B446075D-A3AB-4083-ACC0-370824308089}"
EndProject
Project("{9A19103F-16F7-4668-BE54-9A1E7A4F7556}") = "KonchuSugoizeNotifyLambda.Tests", "KonchuSugoizeNotifyLambda.Tests\KonchuSugoizeNotifyLambda.Tests.csproj", "{36820A04-02D5-45F0-90D5-5D05AAE02C20}"
EndProject
Global
	GlobalSection(SolutionConfigurationPlatforms) = preSolution
		Debug|Any CPU = Debug|Any CPU
		Release|Any CPU = Release|Any CPU
	EndGlobalSection
	GlobalSection(ProjectConfigurationPlatforms) = postSolution
		{B446075D-A3AB-4083-ACC0-370824308089}.Debug|Any CPU.ActiveCfg = Debug|Any CPU
		{B446075D-A3AB-4083-ACC0-370824308089}.Debug|Any CPU.Build.0 = Debug|Any CPU
		{B446075D-A3AB-4083-ACC0-370824308089}.Release|Any CPU.ActiveCfg = Release|Any CPU
		{B446075D-A3AB-4083-ACC0-370824308089}.Release|Any CPU.Build.0 = Release|Any CPU
		{36820A04-02D5-45F0-90D5-5D05AAE02C20}.Debug|Any CPU.ActiveCfg = Debug|Any CPU
		{36820A04-02D5-45F0-90D5-5D05AAE02C20}.Debug|Any CPU.Build.0 = Debug|Any CPU
		{36820A04-02D5-45F0-90D5-5D05AAE02C20}.Release|Any CPU.ActiveCfg = Release|Any CPU
		{36820A04-02D5-45F0-90D5-5D05AAE02C20}.Release|Any CPU.Build.0 = Release|Any CPU
	EndGlobalSection
	GlobalSection(SolutionProperties) = preSolution
		HideSolutionNode = FALSE
	EndGlobalSection
	GlobalSection(ExtensibilityGlobals) = postSolution
		SolutionGuid = {ED087454-8050-4159-81C0-021580FAF7F9}
	EndGlobalSection
EndGlobal
